{
  "name": "random-messages-platzi",
  "version": "1.0.0",
  "lockfileVersion": 2,
  "requires": true,
  "packages": {
    "": {
      "name": "random-messages-platzi",
      "version": "1.0.0",
      "license": "MIT",
      "bin": {
        "random-msg-platzi": "bin/global.js"
      }
    }
  }
}
